{
  "name": "Pave-D3",
  "version": "1.0.0",
  "lockfileVersion": 1,
  "requires": true,
  "dependencies": {
    "foundation-joyride": {
      "version": "3.0.0",
      "resolved": "https://registry.npmjs.org/foundation-joyride/-/foundation-joyride-3.0.0.tgz",
      "integrity": "sha1-+ZyjxVKvQ947VQyIuraEubwhKzM=",
      "requires": {
        "jquery": "2.2.4",
        "what-input": "2.1.1"
      },
      "dependencies": {
        "what-input": {
          "version": "2.1.1",
          "resolved": "https://registry.npmjs.org/what-input/-/what-input-2.1.1.tgz",
          "integrity": "sha1-hrbgM41nCp/ZNokrj1EVxP4NHQs="
        }
      }
    },
    "jquery": {
      "version": "2.2.4",
      "resolved": "https://registry.npmjs.org/jquery/-/jquery-2.2.4.tgz",
      "integrity": "sha1-LInWiJterFIqfuoywUUhVZxsvwI="
    },
    "jquery.joyride": {
      "version": "2.2.0",
      "resolved": "https://registry.npmjs.org/jquery.joyride/-/jquery.joyride-2.2.0.tgz",
      "integrity": "sha1-iIM1wbseyLMd6Mz9s5QY+3M5rnI="
    }
  }
}
